
Microsoft Visual Studio Solution File, Format Version 12.00
# Visual Studio Version 17
VisualStudioVersion = 17.7.34221.43
MinimumVisualStudioVersion = 10.0.40219.1
Project("{9A19103F-16F7-4668-BE54-9A1E7A4F7556}") = "AdventOfCode2023", "AdventOfCode2023.csproj", "{672044B5-EEAD-44B7-8784-BFEFC649810F}"
EndProject
Project("{FAE04EC0-301F-11D3-BF4B-00C04F79EFBC}") = "AdventOfCode2023Tests", "..\AdventOfCode2023Tests\AdventOfCode2023Tests.csproj", "{EA0A04B9-13EC-4946-A646-0DA94D008CBB}"
EndProject
Global
	GlobalSection(SolutionConfigurationPlatforms) = preSolution
		Debug|Any CPU = Debug|Any CPU
		Release|Any CPU = Release|Any CPU
	EndGlobalSection
	GlobalSection(ProjectConfigurationPlatforms) = postSolution
		{672044B5-EEAD-44B7-8784-BFEFC649810F}.Debug|Any CPU.ActiveCfg = Debug|Any CPU
		{672044B5-EEAD-44B7-8784-BFEFC649810F}.Debug|Any CPU.Build.0 = Debug|Any CPU
		{672044B5-EEAD-44B7-8784-BFEFC649810F}.Release|Any CPU.ActiveCfg = Release|Any CPU
		{672044B5-EEAD-44B7-8784-BFEFC649810F}.Release|Any CPU.Build.0 = Release|Any CPU
		{EA0A04B9-13EC-4946-A646-0DA94D008CBB}.Debug|Any CPU.ActiveCfg = Debug|Any CPU
		{EA0A04B9-13EC-4946-A646-0DA94D008CBB}.Debug|Any CPU.Build.0 = Debug|Any CPU
		{EA0A04B9-13EC-4946-A646-0DA94D008CBB}.Release|Any CPU.ActiveCfg = Release|Any CPU
		{EA0A04B9-13EC-4946-A646-0DA94D008CBB}.Release|Any CPU.Build.0 = Release|Any CPU
	EndGlobalSection
	GlobalSection(SolutionProperties) = preSolution
		HideSolutionNode = FALSE
	EndGlobalSection
	GlobalSection(ExtensibilityGlobals) = postSolution
		SolutionGuid = {56FE64A1-2316-4304-934A-36651EA90306}
	EndGlobalSection
EndGlobal
